PODS:
  - AFNetworking (2.5.3):
    - AFNetworking/NSURLConnection (= 2.5.3)
    - AFNetworking/NSURLSession (= 2.5.3)
    - AFNetworking/Reachability (= 2.5.3)
    - AFNetworking/Security (= 2.5.3)
    - AFNetworking/Serialization (= 2.5.3)
    - AFNetworking/UIKit (= 2.5.3)
  - AFNetworking/NSURLConnection (2.5.3):
    - AFNetworking/Reachability
    - AFNetworking/Security
    - AFNetworking/Serialization
  - AFNetworking/NSURLSession (2.5.3):
    - AFNetworking/Reachability
    - AFNetworking/Security
    - AFNetworking/Serialization
  - AFNetworking/Reachability (2.5.3)
  - AFNetworking/Security (2.5.3)
  - AFNetworking/Serialization (2.5.3)
  - AFNetworking/UIKit (2.5.3):
    - AFNetworking/NSURLConnection
    - AFNetworking/NSURLSession
  - JTSImageViewController (1.4)
  - MotionJpegImageView (0.0.1)
  - SORelativeDateTransformer (1.1.10)

DEPENDENCIES:
  - AFNetworking (~> 2.5.1)
  - JTSImageViewController
  - MotionJpegImageView
  - SORelativeDateTransformer

SPEC CHECKSUMS:
  AFNetworking: e1d86c2a96bb5d2e7408da36149806706ee122fe
  JTSImageViewController: 6a367b144e257db02cdfacdba78d684377d3777b
  MotionJpegImageView: f79da61c7ed19203fb3b01c067a57e356954741a
  SORelativeDateTransformer: 307489386df4697780902bc16e99881d69a629b3

COCOAPODS: 0.36.4
