PODS:
  - AFNetworking (2.5.2):
    - AFNetworking/NSURLConnection (= 2.5.2)
    - AFNetworking/NSURLSession (= 2.5.2)
    - AFNetworking/Reachability (= 2.5.2)
    - AFNetworking/Security (= 2.5.2)
    - AFNetworking/Serialization (= 2.5.2)
    - AFNetworking/UIKit (= 2.5.2)
  - AFNetworking/NSURLConnection (2.5.2):
    - AFNetworking/Reachability
    - AFNetworking/Security
    - AFNetworking/Serialization
  - AFNetworking/NSURLSession (2.5.2):
    - AFNetworking/Reachability
    - AFNetworking/Security
    - AFNetworking/Serialization
  - AFNetworking/Reachability (2.5.2)
  - AFNetworking/Security (2.5.2)
  - AFNetworking/Serialization (2.5.2)
  - AFNetworking/UIKit (2.5.2):
    - AFNetworking/NSURLConnection
    - AFNetworking/NSURLSession
  - JTSImageViewController (1.4)
  - MotionJpegImageView (0.0.1)
  - SORelativeDateTransformer (1.1.10)

DEPENDENCIES:
  - AFNetworking (~> 2.5.1)
  - JTSImageViewController
  - MotionJpegImageView
  - SORelativeDateTransformer

SPEC CHECKSUMS:
  AFNetworking: fefbce9660acb17f48ae0011292d4da0f457bf36
  JTSImageViewController: 9fe6402194b7679f0e28d0c1002d6164301fc34a
  MotionJpegImageView: 8e464973003e03694a5726c1ab880388c2b75c2c
  SORelativeDateTransformer: de7936811c9988af8e129a097af48c828f933f5f

COCOAPODS: 0.36.1
