PODS:
  - JTSImageViewController (1.5.1)
  - MotionJpegImageView (0.0.1)

DEPENDENCIES:
  - JTSImageViewController
  - MotionJpegImageView

SPEC CHECKSUMS:
  JTSImageViewController: 1f8ce1cc93dab0d0af8e53badeea7528560cfec9
  MotionJpegImageView: f79da61c7ed19203fb3b01c067a57e356954741a

COCOAPODS: 0.38.2
