{
  "pins" : [
    {
      "identity" : "units",
      "kind" : "remoteSourceControl",
      "location" : "git@github.com:ragnar/Units.git",
      "state" : {
        "branch" : "main",
        "revision" : "653b35569a00575b01b8a9066657f1bafdf5282f"
      }
    },
    {
      "identity" : "weatherboxview",
      "kind" : "remoteSourceControl",
      "location" : "git@github.com:ragnar/WeatherBoxView.git",
      "state" : {
        "branch" : "main",
        "revision" : "4ffb9cdcd18eb60dc0c8c581f83760e4ec13c707"
      }
    }
  ],
  "version" : 2
}
