{
  "pins" : [
    {
      "identity" : "units",
      "kind" : "remoteSourceControl",
      "location" : "git@github.com:ragnar/Units.git",
      "state" : {
        "branch" : "main",
        "revision" : "653b35569a00575b01b8a9066657f1bafdf5282f"
      }
    },
    {
      "identity" : "weatherboxview",
      "kind" : "remoteSourceControl",
      "location" : "git@github.com:ragnar/WeatherBoxView.git",
      "state" : {
        "branch" : "main",
        "revision" : "08ab02d1baaa95ef7014086d33cc36ad9b8ac094"
      }
    },
    {
      "identity" : "windarrow",
      "kind" : "remoteSourceControl",
      "location" : "git@github.com:ragnar/WindArrow.git",
      "state" : {
        "revision" : "cbc4e0662ac070db44e4212ed78167162b84fa5f"
      }
    }
  ],
  "version" : 2
}
